{
  "name": "usepubmod",
  "version": "1.0.0",
  "lockfileVersion": 3,
  "requires": true,
  "packages": {
    "": {
      "name": "usepubmod",
      "version": "1.0.0",
      "license": "ISC",
      "dependencies": {
        "testmodulebyahmedcodedev": "^1.0.0"
      }
    },
    "node_modules/testmodulebyahmedcodedev": {
      "version": "1.0.0",
      "resolved": "https://registry.npmjs.org/testmodulebyahmedcodedev/-/testmodulebyahmedcodedev-1.0.0.tgz",
      "integrity": "sha512-QnbvolryAWzEz5yycHtMrG/pMv04NRtkr8zkHdzofq/nqZ6aVI24uFX50LYCtTbjMjGnam9+FUlG4Alj0DsrIQ=="
    }
  }
}
